
Microsoft Visual Studio Solution File, Format Version 12.00
# Visual Studio 15
VisualStudioVersion = 15.0.26430.16
MinimumVisualStudioVersion = 10.0.40219.1
Project("{FAE04EC0-301F-11D3-BF4B-00C04F79EFBC}") = "Hello", "Hello\Hello.csproj", "{43D3A9D9-D831-46CD-BE33-1DE6770DB406}"
EndProject
Project("{FAE04EC0-301F-11D3-BF4B-00C04F79EFBC}") = "OOdemot", "OOdemot\OOdemot.csproj", "{647E5B70-F18B-4837-8A73-4FCAFA7B4CB9}"
EndProject
Project("{FAE04EC0-301F-11D3-BF4B-00C04F79EFBC}") = "Labrat", "Labrat\Labrat.csproj", "{83A208DB-FB6A-49EF-8AA6-F2C60B03A88F}"
EndProject
Project("{FAE04EC0-301F-11D3-BF4B-00C04F79EFBC}") = "Testit", "Testit\Testit.csproj", "{49AC056B-8322-41DB-81EC-A65EA936C80A}"
EndProject
Project("{FAE04EC0-301F-11D3-BF4B-00C04F79EFBC}") = "TestitTests", "TestitTests\TestitTests.csproj", "{D070BC8D-7D2E-46C3-B050-31B8AD0AE90C}"
EndProject
Project("{FAE04EC0-301F-11D3-BF4B-00C04F79EFBC}") = "WPFDemo", "WPFDemo\WPFDemo.csproj", "{62B29D71-AE06-4FF2-868C-4DD5349C0EA1}"
EndProject
Project("{FAE04EC0-301F-11D3-BF4B-00C04F79EFBC}") = "WPFLabra09", "WPFLabra09\WPFLabra09.csproj", "{D7237922-05A8-428C-AD5F-C49EAF31AAA6}"
EndProject
Global
	GlobalSection(SolutionConfigurationPlatforms) = preSolution
		Debug|Any CPU = Debug|Any CPU
		Release|Any CPU = Release|Any CPU
	EndGlobalSection
	GlobalSection(ProjectConfigurationPlatforms) = postSolution
		{43D3A9D9-D831-46CD-BE33-1DE6770DB406}.Debug|Any CPU.ActiveCfg = Debug|Any CPU
		{43D3A9D9-D831-46CD-BE33-1DE6770DB406}.Debug|Any CPU.Build.0 = Debug|Any CPU
		{43D3A9D9-D831-46CD-BE33-1DE6770DB406}.Release|Any CPU.ActiveCfg = Release|Any CPU
		{43D3A9D9-D831-46CD-BE33-1DE6770DB406}.Release|Any CPU.Build.0 = Release|Any CPU
		{647E5B70-F18B-4837-8A73-4FCAFA7B4CB9}.Debug|Any CPU.ActiveCfg = Debug|Any CPU
		{647E5B70-F18B-4837-8A73-4FCAFA7B4CB9}.Debug|Any CPU.Build.0 = Debug|Any CPU
		{647E5B70-F18B-4837-8A73-4FCAFA7B4CB9}.Release|Any CPU.ActiveCfg = Release|Any CPU
		{647E5B70-F18B-4837-8A73-4FCAFA7B4CB9}.Release|Any CPU.Build.0 = Release|Any CPU
		{83A208DB-FB6A-49EF-8AA6-F2C60B03A88F}.Debug|Any CPU.ActiveCfg = Debug|Any CPU
		{83A208DB-FB6A-49EF-8AA6-F2C60B03A88F}.Debug|Any CPU.Build.0 = Debug|Any CPU
		{83A208DB-FB6A-49EF-8AA6-F2C60B03A88F}.Release|Any CPU.ActiveCfg = Release|Any CPU
		{83A208DB-FB6A-49EF-8AA6-F2C60B03A88F}.Release|Any CPU.Build.0 = Release|Any CPU
		{49AC056B-8322-41DB-81EC-A65EA936C80A}.Debug|Any CPU.ActiveCfg = Debug|Any CPU
		{49AC056B-8322-41DB-81EC-A65EA936C80A}.Debug|Any CPU.Build.0 = Debug|Any CPU
		{49AC056B-8322-41DB-81EC-A65EA936C80A}.Release|Any CPU.ActiveCfg = Release|Any CPU
		{49AC056B-8322-41DB-81EC-A65EA936C80A}.Release|Any CPU.Build.0 = Release|Any CPU
		{D070BC8D-7D2E-46C3-B050-31B8AD0AE90C}.Debug|Any CPU.ActiveCfg = Debug|Any CPU
		{D070BC8D-7D2E-46C3-B050-31B8AD0AE90C}.Debug|Any CPU.Build.0 = Debug|Any CPU
		{D070BC8D-7D2E-46C3-B050-31B8AD0AE90C}.Release|Any CPU.ActiveCfg = Release|Any CPU
		{D070BC8D-7D2E-46C3-B050-31B8AD0AE90C}.Release|Any CPU.Build.0 = Release|Any CPU
		{62B29D71-AE06-4FF2-868C-4DD5349C0EA1}.Debug|Any CPU.ActiveCfg = Debug|Any CPU
		{62B29D71-AE06-4FF2-868C-4DD5349C0EA1}.Debug|Any CPU.Build.0 = Debug|Any CPU
		{62B29D71-AE06-4FF2-868C-4DD5349C0EA1}.Release|Any CPU.ActiveCfg = Release|Any CPU
		{62B29D71-AE06-4FF2-868C-4DD5349C0EA1}.Release|Any CPU.Build.0 = Release|Any CPU
		{D7237922-05A8-428C-AD5F-C49EAF31AAA6}.Debug|Any CPU.ActiveCfg = Debug|Any CPU
		{D7237922-05A8-428C-AD5F-C49EAF31AAA6}.Debug|Any CPU.Build.0 = Debug|Any CPU
		{D7237922-05A8-428C-AD5F-C49EAF31AAA6}.Release|Any CPU.ActiveCfg = Release|Any CPU
		{D7237922-05A8-428C-AD5F-C49EAF31AAA6}.Release|Any CPU.Build.0 = Release|Any CPU
	EndGlobalSection
	GlobalSection(SolutionProperties) = preSolution
		HideSolutionNode = FALSE
	EndGlobalSection
EndGlobal
